PODS:
  - QuickBlox (2.16)
  - Quickblox-WebRTC (2.6.3):
    - QuickBlox (>= 2.7)
  - SVProgressHUD (2.2.5)
  - SwiftLint (0.25.0)

DEPENDENCIES:
  - QuickBlox
  - Quickblox-WebRTC
  - SVProgressHUD
  - SwiftLint

SPEC REPOS:
  https://github.com/CocoaPods/Specs.git:
    - QuickBlox
    - Quickblox-WebRTC
    - SVProgressHUD
    - SwiftLint

SPEC CHECKSUMS:
  QuickBlox: fc3ab36e290d703573fdfa8e3066eade722460f0
  Quickblox-WebRTC: 1838368795c479dd61796a3423ce9e74a90fe939
  SVProgressHUD: 1428aafac632c1f86f62aa4243ec12008d7a51d6
  SwiftLint: e14651157288e9e01d6e1a71db7014fb5744a8ea

PODFILE CHECKSUM: 638edadfd0d9ebcb235919cb762443f9e3053ee3

COCOAPODS: 1.5.0
